{
  "version": 4,
  "terraform_version": "1.14.8",
  "serial": 11,
  "lineage": "9a7225ae-71bd-3566-a1d9-4900ad7b5bb5",
  "outputs": {},
  "resources": [
    {
      "module": "module.acr",
      "mode": "managed",
      "type": "azurerm_container_registry",
      "name": "acr",
      "provider": "provider[\"registry.terraform.io/hashicorp/azurerm\"]",
      "instances": [
        {
          "schema_version": 2,
          "attributes": {
            "admin_enabled": true,
            "admin_password": "DSzRMr1yxNT7ouwbQlevsBJiUiLM5t42NDu0pk6qU8kltGbJsY7NJQQJ99CDAC77bzfEqg7NAAACAZCR7ZJ7",
            "admin_username": "thakshinaacr98765",
            "anonymous_pull_enabled": false,
            "data_endpoint_enabled": false,
            "data_endpoint_host_names": [],
            "encryption": [],
            "export_policy_enabled": true,
            "georeplications": [],
            "id": "/subscriptions/0504ea66-8c49-422d-851d-612624bf623a/resourceGroups/aks-rg/providers/Microsoft.ContainerRegistry/registries/thakshinaacr98765",
            "identity": [],
            "location": "southindia",
            "login_server": "thakshinaacr98765.azurecr.io",
            "name": "thakshinaacr98765",
            "network_rule_bypass_option": "AzureServices",
            "network_rule_set": [],
            "public_network_access_enabled": true,
            "quarantine_policy_enabled": false,
            "resource_group_name": "aks-rg",
            "retention_policy_in_days": 0,
            "sku": "Basic",
            "tags": {},
            "timeouts": null,
            "trust_policy_enabled": false,
            "zone_redundancy_enabled": false
          },
          "sensitive_attributes": [
            [
              {
                "type": "get_attr",
                "value": "admin_password"
              }
            ]
          ],
          "identity_schema_version": 0,
          "private": "eyJlMmJmYjczMC1lY2FhLTExZTYtOGY4OC0zNDM2M2JjN2M0YzAiOnsiY3JlYXRlIjoxODAwMDAwMDAwMDAwLCJkZWxldGUiOjE4MDAwMDAwMDAwMDAsInJlYWQiOjMwMDAwMDAwMDAwMCwidXBkYXRlIjoxODAwMDAwMDAwMDAwfSwic2NoZW1hX3ZlcnNpb24iOiIyIn0="
        }
      ]
    }
  ],
  "check_results": null
}
